
Microsoft Visual Studio Solution File, Format Version 12.00
# Visual Studio 15
VisualStudioVersion = 15.0.28307.757
MinimumVisualStudioVersion = 10.0.40219.1
Project("{9A19103F-16F7-4668-BE54-9A1E7A4F7556}") = "LibraryApi", "LibraryApi\LibraryApi.csproj", "{8A768FC2-D8E3-4571-8BDF-7E9B91F73E18}"
EndProject
Global
	GlobalSection(SolutionConfigurationPlatforms) = preSolution
		Debug|Any CPU = Debug|Any CPU
		Release|Any CPU = Release|Any CPU
	EndGlobalSection
	GlobalSection(ProjectConfigurationPlatforms) = postSolution
		{8A768FC2-D8E3-4571-8BDF-7E9B91F73E18}.Debug|Any CPU.ActiveCfg = Debug|Any CPU
		{8A768FC2-D8E3-4571-8BDF-7E9B91F73E18}.Debug|Any CPU.Build.0 = Debug|Any CPU
		{8A768FC2-D8E3-4571-8BDF-7E9B91F73E18}.Release|Any CPU.ActiveCfg = Release|Any CPU
		{8A768FC2-D8E3-4571-8BDF-7E9B91F73E18}.Release|Any CPU.Build.0 = Release|Any CPU
	EndGlobalSection
	GlobalSection(SolutionProperties) = preSolution
		HideSolutionNode = FALSE
	EndGlobalSection
	GlobalSection(ExtensibilityGlobals) = postSolution
		SolutionGuid = {97C03E06-3832-4365-A6DD-A6889A3AD328}
	EndGlobalSection
EndGlobal
